{
  "name": "my-app-name",
  "version": "0.1.0",
  "lockfileVersion": 1,
  "dependencies": {
    "beam-interactive-node2": {
      "version": "2.2.0",
      "resolved": "https://registry.npmjs.org/beam-interactive-node2/-/beam-interactive-node2-2.2.0.tgz",
      "integrity": "sha1-mcbjDxAqlHNQpWxLr0zcYUKxAYM="
    },
    "deepmerge": {
      "version": "1.4.4",
      "resolved": "https://registry.npmjs.org/deepmerge/-/deepmerge-1.4.4.tgz",
      "integrity": "sha512-k2HDUmUNygBF82hCu9RStwgIBtdckDFsrxSxqAujuAIctxR+C1z6qDrYXpjKpVy2NrpNzFGDFdZAJ6E+L3xGWw=="
    },
    "electron-oauth2": {
      "version": "2.4.1",
      "resolved": "https://registry.npmjs.org/electron-oauth2/-/electron-oauth2-2.4.1.tgz",
      "integrity": "sha1-ocBaX8Hqc68NHE9i1zS9OeQT+eM="
    },
    "encoding": {
      "version": "0.1.12",
      "resolved": "https://registry.npmjs.org/encoding/-/encoding-0.1.12.tgz",
      "integrity": "sha1-U4tm8+5izRq1HsMjgp0flIDHS+s="
    },
    "iconv-lite": {
      "version": "0.4.18",
      "resolved": "https://registry.npmjs.org/iconv-lite/-/iconv-lite-0.4.18.tgz",
      "integrity": "sha512-sr1ZQph3UwHTR0XftSbK85OvBbxe/abLGzEnPENCQwmHf7sck8Oyu4ob3LgBxWWxRoM+QszeUyl7jbqapu2TqA=="
    },
    "is-stream": {
      "version": "1.1.0",
      "resolved": "https://registry.npmjs.org/is-stream/-/is-stream-1.1.0.tgz",
      "integrity": "sha1-EtSj3U5o4Lec6428hBc66A2RykQ="
    },
    "minimist": {
      "version": "0.0.8",
      "resolved": "https://registry.npmjs.org/minimist/-/minimist-0.0.8.tgz",
      "integrity": "sha1-hX/Kv8M5fSYluCKCYuhqp6ARsF0="
    },
    "mkdirp": {
      "version": "0.5.1",
      "resolved": "https://registry.npmjs.org/mkdirp/-/mkdirp-0.5.1.tgz",
      "integrity": "sha1-MAV0OOrGz3+MR2fzhkjWaX11yQM="
    },
    "node-fetch": {
      "version": "1.7.1",
      "resolved": "https://registry.npmjs.org/node-fetch/-/node-fetch-1.7.1.tgz",
      "integrity": "sha512-j8XsFGCLw79vWXkZtMSmmLaOk9z5SQ9bV/tkbZVCqvgwzrjAGq66igobLofHtF63NvMTp2WjytpsNTGKa+XRIQ=="
    },
    "node-json-db": {
      "version": "0.7.3",
      "resolved": "https://registry.npmjs.org/node-json-db/-/node-json-db-0.7.3.tgz",
      "integrity": "sha1-v2Mf9NTPQhHL3/5srmqq/m7lTN8="
    },
    "object-assign": {
      "version": "4.1.1",
      "resolved": "https://registry.npmjs.org/object-assign/-/object-assign-4.1.1.tgz",
      "integrity": "sha1-IQmtx5ZYh8/AXLvUQsrIv7s2CGM="
    },
    "pinkie": {
      "version": "2.0.4",
      "resolved": "https://registry.npmjs.org/pinkie/-/pinkie-2.0.4.tgz",
      "integrity": "sha1-clVrgM+g1IqXToDnckjoDtT3+HA="
    },
    "pinkie-promise": {
      "version": "2.0.1",
      "resolved": "https://registry.npmjs.org/pinkie-promise/-/pinkie-promise-2.0.1.tgz",
      "integrity": "sha1-ITXW36ejWMBprJsXh3YogihFD/o="
    },
    "safe-buffer": {
      "version": "5.0.1",
      "resolved": "https://registry.npmjs.org/safe-buffer/-/safe-buffer-5.0.1.tgz",
      "integrity": "sha1-0mPKVGls2KMGtcplUekt5XkY++c="
    },
    "ultron": {
      "version": "1.1.0",
      "resolved": "https://registry.npmjs.org/ultron/-/ultron-1.1.0.tgz",
      "integrity": "sha1-sHoualQagV/Go0zNRTO67DB8qGQ="
    },
    "ws": {
      "version": "3.0.0",
      "resolved": "https://registry.npmjs.org/ws/-/ws-3.0.0.tgz",
      "integrity": "sha1-mN2wAFbIOQy3Ued4h4hJf5kQO2w="
    }
  }
}
